
Microsoft Visual Studio Solution File, Format Version 12.00
# Visual Studio Version 16
VisualStudioVersion = 16.0.30011.22
MinimumVisualStudioVersion = 10.0.40219.1
Project("{FAE04EC0-301F-11D3-BF4B-00C04F79EFBC}") = "WindowsFormsApp2", "WindowsFormsApp2\WindowsFormsApp2.csproj", "{E1EFA6C4-F39D-43C1-8291-E9719C03D979}"
EndProject
Project("{FAE04EC0-301F-11D3-BF4B-00C04F79EFBC}") = "QuanLySinhVien_Library", "QuanLySinhVien_Library\QuanLySinhVien_Library.csproj", "{362ACF37-DF21-4024-8D4D-D5C512BF7B61}"
EndProject
Global
	GlobalSection(SolutionConfigurationPlatforms) = preSolution
		Debug|Any CPU = Debug|Any CPU
		Release|Any CPU = Release|Any CPU
	EndGlobalSection
	GlobalSection(ProjectConfigurationPlatforms) = postSolution
		{E1EFA6C4-F39D-43C1-8291-E9719C03D979}.Debug|Any CPU.ActiveCfg = Debug|Any CPU
		{E1EFA6C4-F39D-43C1-8291-E9719C03D979}.Debug|Any CPU.Build.0 = Debug|Any CPU
		{E1EFA6C4-F39D-43C1-8291-E9719C03D979}.Release|Any CPU.ActiveCfg = Release|Any CPU
		{E1EFA6C4-F39D-43C1-8291-E9719C03D979}.Release|Any CPU.Build.0 = Release|Any CPU
		{362ACF37-DF21-4024-8D4D-D5C512BF7B61}.Debug|Any CPU.ActiveCfg = Debug|Any CPU
		{362ACF37-DF21-4024-8D4D-D5C512BF7B61}.Debug|Any CPU.Build.0 = Debug|Any CPU
		{362ACF37-DF21-4024-8D4D-D5C512BF7B61}.Release|Any CPU.ActiveCfg = Release|Any CPU
		{362ACF37-DF21-4024-8D4D-D5C512BF7B61}.Release|Any CPU.Build.0 = Release|Any CPU
	EndGlobalSection
	GlobalSection(SolutionProperties) = preSolution
		HideSolutionNode = FALSE
	EndGlobalSection
	GlobalSection(ExtensibilityGlobals) = postSolution
		SolutionGuid = {72C1CAF4-6314-4057-8031-2062137AA890}
	EndGlobalSection
EndGlobal
